
Microsoft Visual Studio Solution File, Format Version 12.00
# Visual Studio 2012
Project("{FAE04EC0-301F-11D3-BF4B-00C04F79EFBC}") = "power_gym", "power_gym.csproj", "{3F684F36-5250-4F6F-A393-BEE27EAFE51C}"
EndProject
Global
	GlobalSection(SolutionConfigurationPlatforms) = preSolution
		Debug|Any CPU = Debug|Any CPU
		Release|Any CPU = Release|Any CPU
	EndGlobalSection
	GlobalSection(ProjectConfigurationPlatforms) = postSolution
		{3F684F36-5250-4F6F-A393-BEE27EAFE51C}.Debug|Any CPU.ActiveCfg = Debug|Any CPU
		{3F684F36-5250-4F6F-A393-BEE27EAFE51C}.Debug|Any CPU.Build.0 = Debug|Any CPU
		{3F684F36-5250-4F6F-A393-BEE27EAFE51C}.Release|Any CPU.ActiveCfg = Release|Any CPU
		{3F684F36-5250-4F6F-A393-BEE27EAFE51C}.Release|Any CPU.Build.0 = Release|Any CPU
	EndGlobalSection
	GlobalSection(SolutionProperties) = preSolution
		HideSolutionNode = FALSE
	EndGlobalSection
EndGlobal
